
Microsoft Visual Studio Solution File, Format Version 12.00
# Visual Studio Version 17
VisualStudioVersion = 17.5.33516.290
MinimumVisualStudioVersion = 10.0.40219.1
Project("{FAE04EC0-301F-11D3-BF4B-00C04F79EFBC}") = "Task 1", "Task 1\Task 1.csproj", "{6C08814C-A55E-4A02-B627-0551916D0FF5}"
EndProject
Project("{FAE04EC0-301F-11D3-BF4B-00C04F79EFBC}") = "Task 2", "Task 2\Task 2.csproj", "{98849545-4488-4830-9F8B-F233EE29ACBE}"
EndProject
Global
	GlobalSection(SolutionConfigurationPlatforms) = preSolution
		Debug|Any CPU = Debug|Any CPU
		Release|Any CPU = Release|Any CPU
	EndGlobalSection
	GlobalSection(ProjectConfigurationPlatforms) = postSolution
		{6C08814C-A55E-4A02-B627-0551916D0FF5}.Debug|Any CPU.ActiveCfg = Debug|Any CPU
		{6C08814C-A55E-4A02-B627-0551916D0FF5}.Debug|Any CPU.Build.0 = Debug|Any CPU
		{6C08814C-A55E-4A02-B627-0551916D0FF5}.Release|Any CPU.ActiveCfg = Release|Any CPU
		{6C08814C-A55E-4A02-B627-0551916D0FF5}.Release|Any CPU.Build.0 = Release|Any CPU
		{98849545-4488-4830-9F8B-F233EE29ACBE}.Debug|Any CPU.ActiveCfg = Debug|Any CPU
		{98849545-4488-4830-9F8B-F233EE29ACBE}.Debug|Any CPU.Build.0 = Debug|Any CPU
		{98849545-4488-4830-9F8B-F233EE29ACBE}.Release|Any CPU.ActiveCfg = Release|Any CPU
		{98849545-4488-4830-9F8B-F233EE29ACBE}.Release|Any CPU.Build.0 = Release|Any CPU
	EndGlobalSection
	GlobalSection(SolutionProperties) = preSolution
		HideSolutionNode = FALSE
	EndGlobalSection
	GlobalSection(ExtensibilityGlobals) = postSolution
		SolutionGuid = {1F37D7CB-7E05-4227-996F-22C9D768C4AB}
	EndGlobalSection
EndGlobal
